{
  "version": 2,
  "dependencies": {
    "net9.0": {
      "Microsoft.AspNetCore.OpenApi": {
        "type": "Direct",
        "requested": "[9.0.6, )",
        "resolved": "9.0.6",
        "contentHash": "MOJ4DG1xd3NlWMYh+JdGNT9uvBtEk1XQU/FQlpNZFlAzM8t0oB5IimvnGlnK7jmyY4vQagLPB1xw1HjJ8CHrZg==",
        "dependencies": {
          "Microsoft.OpenApi": "1.6.17"
        }
      },
      "Scalar.AspNetCore": {
        "type": "Direct",
        "requested": "[2.5.3, )",
        "resolved": "2.5.3",
        "contentHash": "GhMaITeqvKVDLH/RyAH93n1uSkrP/JNI7cRIPUr5bsHjSiVSmhM68Ni+0x1IORnU5O68YiZJX2DcdGbLuEe9aQ=="
      },
      "MediatR.Contracts": {
        "type": "Transitive",
        "resolved": "2.0.1",
        "contentHash": "FYv95bNT4UwcNA+G/J1oX5OpRiSUxteXaUt2BJbRSdRNiIUNbggJF69wy6mnk2wYToaanpdXZdCwVylt96MpwQ=="
      },
      "Microsoft.Extensions.DependencyInjection.Abstractions": {
        "type": "Transitive",
        "resolved": "8.0.0",
        "contentHash": "cjWrLkJXK0rs4zofsK4bSdg+jhDLTaxrkXu4gS6Y7MAlCvRyNNgwY/lJi5RDlQOnSZweHqoyvgvbdvQsRIW+hg=="
      },
      "Microsoft.OpenApi": {
        "type": "Transitive",
        "resolved": "1.6.17",
        "contentHash": "Le+kehlmrlQfuDFUt1zZ2dVwrhFQtKREdKBo+rexOwaCoYP0/qpgT9tLxCsZjsgR5Itk1UKPcbgO+FyaNid/bA=="
      },
      "arc.customapp.application": {
        "type": "Project",
        "dependencies": {
          "Arc.CustomApp.Infra": "[1.0.0, )",
          "FluentValidation": "[12.0.0, )",
          "MediatR": "[12.5.0, )"
        }
      },
      "arc.customapp.infra": {
        "type": "Project"
      },
      "FluentValidation": {
        "type": "CentralTransitive",
        "requested": "[12.0.0, )",
        "resolved": "12.0.0",
        "contentHash": "8NVLxtMUXynRHJIX3Hn1ACovaqZIJASufXIIFkD0EUbcd5PmMsL1xUD5h548gCezJ5BzlITaR9CAMrGe29aWpA=="
      },
      "MediatR": {
        "type": "CentralTransitive",
        "requested": "[12.5.0, )",
        "resolved": "12.5.0",
        "contentHash": "vqm2H8/nqL5NAJHPhsG1JOPwfkmbVrPyh4svdoRzu+uZh6Ex7PRoHBGsLYC0/RWCEJFqD1ohHNpteQvql9OktA==",
        "dependencies": {
          "MediatR.Contracts": "[2.0.1, 3.0.0)",
          "Microsoft.Extensions.DependencyInjection.Abstractions": "8.0.0"
        }
      }
    }
  }
}